
Microsoft Visual Studio Solution File, Format Version 12.00
# Visual Studio Version 16
VisualStudioVersion = 16.0.34031.81
MinimumVisualStudioVersion = 10.0.40219.1
Project("{FAE04EC0-301F-11D3-BF4B-00C04F79EFBC}") = "WebBanHang", "WebBanHang\WebBanHang.csproj", "{EC015C2F-9EEF-4D93-99B0-EFE93096667D}"
EndProject
Global
	GlobalSection(SolutionConfigurationPlatforms) = preSolution
		Debug|Any CPU = Debug|Any CPU
		Release|Any CPU = Release|Any CPU
	EndGlobalSection
	GlobalSection(ProjectConfigurationPlatforms) = postSolution
		{EC015C2F-9EEF-4D93-99B0-EFE93096667D}.Debug|Any CPU.ActiveCfg = Debug|Any CPU
		{EC015C2F-9EEF-4D93-99B0-EFE93096667D}.Debug|Any CPU.Build.0 = Debug|Any CPU
		{EC015C2F-9EEF-4D93-99B0-EFE93096667D}.Release|Any CPU.ActiveCfg = Release|Any CPU
		{EC015C2F-9EEF-4D93-99B0-EFE93096667D}.Release|Any CPU.Build.0 = Release|Any CPU
	EndGlobalSection
	GlobalSection(SolutionProperties) = preSolution
		HideSolutionNode = FALSE
	EndGlobalSection
	GlobalSection(ExtensibilityGlobals) = postSolution
		SolutionGuid = {F89143C6-CE67-4490-B4A5-719125A922EF}
	EndGlobalSection
EndGlobal
